
Microsoft Visual Studio Solution File, Format Version 12.00
# Visual Studio 15
Project("{FAE04EC0-301F-11D3-BF4B-00C04F79EFBC}") = "swoleville2dot1", "swoleville2dot1\swoleville2dot1.csproj", "{751DC48E-B626-4F96-9B7B-8C9765E43486}"
EndProject
Global
	GlobalSection(SolutionConfigurationPlatforms) = preSolution
		Debug|Any CPU = Debug|Any CPU
		Release|Any CPU = Release|Any CPU
	EndGlobalSection
	GlobalSection(ProjectConfigurationPlatforms) = postSolution
		{751DC48E-B626-4F96-9B7B-8C9765E43486}.Debug|Any CPU.ActiveCfg = Debug|Any CPU
		{751DC48E-B626-4F96-9B7B-8C9765E43486}.Debug|Any CPU.Build.0 = Debug|Any CPU
		{751DC48E-B626-4F96-9B7B-8C9765E43486}.Release|Any CPU.ActiveCfg = Release|Any CPU
		{751DC48E-B626-4F96-9B7B-8C9765E43486}.Release|Any CPU.Build.0 = Release|Any CPU
	EndGlobalSection
EndGlobal
